Microsoft Visual Studio Solution File, Format Version 12.00
# Visual Studio Version 17
VisualStudioVersion = 17.0.31903.59
MinimumVisualStudioVersion = 10.0.40219.1
Project("{FAE04EC0-301F-11D3-BF4B-00C04F79EFBC}") = "02_PreAwait_TPLContinueWith", "02_PreAwait_TPLContinueWith\02_PreAwait_TPLContinueWith.csproj", "{BAE24F82-C5ED-4737-A10A-14E04A680532}"
EndProject
Project("{FAE04EC0-301F-11D3-BF4B-00C04F79EFBC}") = "03_TaskPromise_TCS", "03_TaskPromise_TCS\03_TaskPromise_TCS.csproj", "{800E0A3C-6986-4482-B8FC-36F1BAE216BE}"
EndProject
Project("{FAE04EC0-301F-11D3-BF4B-00C04F79EFBC}") = "04_CancellationToken", "04_CancellationToken\04_CancellationToken.csproj", "{A095B4A6-D164-4C7A-B9B2-54FBE7EDC515}"
EndProject
Project("{FAE04EC0-301F-11D3-BF4B-00C04F79EFBC}") = "08_ExecutionContext_AsyncLocal", "08_ExecutionContext_AsyncLocal\08_ExecutionContext_AsyncLocal.csproj", "{C6865089-5199-4A1D-B687-FDD6C560C9E0}"
EndProject
Project("{FAE04EC0-301F-11D3-BF4B-00C04F79EFBC}") = "09_AwaitablePattern_CustomAwaiter", "09_AwaitablePattern_CustomAwaiter\09_AwaitablePattern_CustomAwaiter.csproj", "{FE0F1E5D-8E29-4A3A-9E72-C7620602155C}"
EndProject
Project("{FAE04EC0-301F-11D3-BF4B-00C04F79EFBC}") = "11_ValueTask_FastPath", "11_ValueTask_FastPath\11_ValueTask_FastPath.csproj", "{5F393AFA-47C4-4527-833F-A8A152995548}"
EndProject
Project("{FAE04EC0-301F-11D3-BF4B-00C04F79EFBC}") = "06_ThreadPoolDeadLockDemo", "06_ThreadPoolDeadLockDemo\06_ThreadPoolDeadLockDemo.csproj", "{C24E5BE5-54FF-6586-90CC-5E91EC6D6ED8}"
EndProject
Global
	GlobalSection(SolutionConfigurationPlatforms) = preSolution
		Debug|Any CPU = Debug|Any CPU
		Release|Any CPU = Release|Any CPU
	EndGlobalSection
	GlobalSection(ProjectConfigurationPlatforms) = postSolution
		{BAE24F82-C5ED-4737-A10A-14E04A680532}.Debug|Any CPU.ActiveCfg = Debug|Any CPU
		{BAE24F82-C5ED-4737-A10A-14E04A680532}.Debug|Any CPU.Build.0 = Debug|Any CPU
		{BAE24F82-C5ED-4737-A10A-14E04A680532}.Release|Any CPU.ActiveCfg = Release|Any CPU
		{BAE24F82-C5ED-4737-A10A-14E04A680532}.Release|Any CPU.Build.0 = Release|Any CPU
		{800E0A3C-6986-4482-B8FC-36F1BAE216BE}.Debug|Any CPU.ActiveCfg = Debug|Any CPU
		{800E0A3C-6986-4482-B8FC-36F1BAE216BE}.Debug|Any CPU.Build.0 = Debug|Any CPU
		{800E0A3C-6986-4482-B8FC-36F1BAE216BE}.Release|Any CPU.ActiveCfg = Release|Any CPU
		{800E0A3C-6986-4482-B8FC-36F1BAE216BE}.Release|Any CPU.Build.0 = Release|Any CPU
		{A095B4A6-D164-4C7A-B9B2-54FBE7EDC515}.Debug|Any CPU.ActiveCfg = Debug|Any CPU
		{A095B4A6-D164-4C7A-B9B2-54FBE7EDC515}.Debug|Any CPU.Build.0 = Debug|Any CPU
		{A095B4A6-D164-4C7A-B9B2-54FBE7EDC515}.Release|Any CPU.ActiveCfg = Release|Any CPU
		{A095B4A6-D164-4C7A-B9B2-54FBE7EDC515}.Release|Any CPU.Build.0 = Release|Any CPU
		{C6865089-5199-4A1D-B687-FDD6C560C9E0}.Debug|Any CPU.ActiveCfg = Debug|Any CPU
		{C6865089-5199-4A1D-B687-FDD6C560C9E0}.Debug|Any CPU.Build.0 = Debug|Any CPU
		{C6865089-5199-4A1D-B687-FDD6C560C9E0}.Release|Any CPU.ActiveCfg = Release|Any CPU
		{C6865089-5199-4A1D-B687-FDD6C560C9E0}.Release|Any CPU.Build.0 = Release|Any CPU
		{FE0F1E5D-8E29-4A3A-9E72-C7620602155C}.Debug|Any CPU.ActiveCfg = Debug|Any CPU
		{FE0F1E5D-8E29-4A3A-9E72-C7620602155C}.Debug|Any CPU.Build.0 = Debug|Any CPU
		{FE0F1E5D-8E29-4A3A-9E72-C7620602155C}.Release|Any CPU.ActiveCfg = Release|Any CPU
		{FE0F1E5D-8E29-4A3A-9E72-C7620602155C}.Release|Any CPU.Build.0 = Release|Any CPU
		{5F393AFA-47C4-4527-833F-A8A152995548}.Debug|Any CPU.ActiveCfg = Debug|Any CPU
		{5F393AFA-47C4-4527-833F-A8A152995548}.Debug|Any CPU.Build.0 = Debug|Any CPU
		{5F393AFA-47C4-4527-833F-A8A152995548}.Release|Any CPU.ActiveCfg = Release|Any CPU
		{5F393AFA-47C4-4527-833F-A8A152995548}.Release|Any CPU.Build.0 = Release|Any CPU
		{C24E5BE5-54FF-6586-90CC-5E91EC6D6ED8}.Debug|Any CPU.ActiveCfg = Debug|Any CPU
		{C24E5BE5-54FF-6586-90CC-5E91EC6D6ED8}.Debug|Any CPU.Build.0 = Debug|Any CPU
		{C24E5BE5-54FF-6586-90CC-5E91EC6D6ED8}.Release|Any CPU.ActiveCfg = Release|Any CPU
		{C24E5BE5-54FF-6586-90CC-5E91EC6D6ED8}.Release|Any CPU.Build.0 = Release|Any CPU
	EndGlobalSection
	GlobalSection(SolutionProperties) = preSolution
		HideSolutionNode = FALSE
	EndGlobalSection
	GlobalSection(ExtensibilityGlobals) = postSolution
		SolutionGuid = {2A787C1E-4EC2-4A69-AB06-D9E6D0807E42}
	EndGlobalSection
EndGlobal
