Microsoft Visual Studio Solution File, Format Version 12.00
# Visual Studio Version 17
VisualStudioVersion = 17.5.2.0
MinimumVisualStudioVersion = 10.0.40219.1
Project("{FAE04EC0-301F-11D3-BF4B-00C04F79EFBC}") = "10_ConfigureAwaitFalse", "10_ConfigureAwaitFalse.csproj", "{E637B51C-5FC0-5F0E-0DF1-7B8692C6E607}"
EndProject
Global
	GlobalSection(SolutionConfigurationPlatforms) = preSolution
		Debug|Any CPU = Debug|Any CPU
		Release|Any CPU = Release|Any CPU
	EndGlobalSection
	GlobalSection(ProjectConfigurationPlatforms) = postSolution
		{E637B51C-5FC0-5F0E-0DF1-7B8692C6E607}.Debug|Any CPU.ActiveCfg = Debug|Any CPU
		{E637B51C-5FC0-5F0E-0DF1-7B8692C6E607}.Debug|Any CPU.Build.0 = Debug|Any CPU
		{E637B51C-5FC0-5F0E-0DF1-7B8692C6E607}.Release|Any CPU.ActiveCfg = Release|Any CPU
		{E637B51C-5FC0-5F0E-0DF1-7B8692C6E607}.Release|Any CPU.Build.0 = Release|Any CPU
	EndGlobalSection
	GlobalSection(SolutionProperties) = preSolution
		HideSolutionNode = FALSE
	EndGlobalSection
	GlobalSection(ExtensibilityGlobals) = postSolution
		SolutionGuid = {DA89A6B7-191A-4F44-9D04-BF6B150DF5E5}
	EndGlobalSection
EndGlobal
